
Microsoft Visual Studio Solution File, Format Version 10.00
# Visual Studio 2008
Project("{FAE04EC0-301F-11D3-BF4B-00C04F79EFBC}") = "COMTest", "COMTest\COMTest.csproj", "{DBA93F56-7704-4FA2-B280-39F46D857417}"
EndProject
Global
	GlobalSection(SolutionConfigurationPlatforms) = preSolution
		Debug|Any CPU = Debug|Any CPU
		Release|Any CPU = Release|Any CPU
	EndGlobalSection
	GlobalSection(ProjectConfigurationPlatforms) = postSolution
		{DBA93F56-7704-4FA2-B280-39F46D857417}.Debug|Any CPU.ActiveCfg = Debug|Any CPU
		{DBA93F56-7704-4FA2-B280-39F46D857417}.Debug|Any CPU.Build.0 = Debug|Any CPU
		{DBA93F56-7704-4FA2-B280-39F46D857417}.Release|Any CPU.ActiveCfg = Release|Any CPU
		{DBA93F56-7704-4FA2-B280-39F46D857417}.Release|Any CPU.Build.0 = Release|Any CPU
	EndGlobalSection
	GlobalSection(SolutionProperties) = preSolution
		HideSolutionNode = FALSE
	EndGlobalSection
EndGlobal
